{
  "name": "unicode-emoji-json",
  "version": "0.5.0",
  "lockfileVersion": 2,
  "requires": true,
  "packages": {
    "": {
      "name": "unicode-emoji-json",
      "version": "0.5.0",
      "license": "MIT",
      "devDependencies": {
        "fast-html-parser": "^1.0.1",
        "tape": "^4.11.0"
      }
    },
    "node_modules/apollojs": {
      "version": "1.3.0",
      "resolved": "https://registry.npmjs.org/apollojs/-/apollojs-1.3.0.tgz",
      "integrity": "sha1-X3sAME2XQOKnvltSx8CAfVH5JV4=",
      "dev": true,
      "engines": {
        "node": ">=0.8"
      }
    },
    "node_modules/balanced-match": {
      "version": "1.0.0",
      "resolved": "https://registry.npmjs.org/balanced-match/-/balanced-match-1.0.0.tgz",
      "integrity": "sha1-ibTRmasr7kneFk6gK4nORi1xt2c=",
      "dev": true
    },
    "n